
Microsoft Visual Studio Solution File, Format Version 12.00
# Visual Studio Version 16
VisualStudioVersion = 16.0.30011.22
MinimumVisualStudioVersion = 10.0.40219.1
Project("{2150E333-8FDC-42A3-9474-1A3956D46DE8}") = "Microservices", "Microservices", "{D3A5FEFB-F9A8-4E9D-944D-D94544762B65}"
EndProject
Project("{2150E333-8FDC-42A3-9474-1A3956D46DE8}") = "Domain", "Domain", "{2414CCDE-B386-4DAD-A74D-DE38BAFE241E}"
EndProject
Project("{2150E333-8FDC-42A3-9474-1A3956D46DE8}") = "Infra.Bus", "Infra.Bus", "{E187B71B-EA0F-45D9-BC5B-56C897704807}"
EndProject
Project("{2150E333-8FDC-42A3-9474-1A3956D46DE8}") = "Infra.IOC", "Infra.IOC", "{624EC416-9DDF-47D7-BE4E-0C71CA78B436}"
EndProject
Project("{2150E333-8FDC-42A3-9474-1A3956D46DE8}") = "Presentation", "Presentation", "{840136CC-E7BE-4898-98FC-2960470517CF}"
EndProject
Project("{FAE04EC0-301F-11D3-BF4B-00C04F79EFBC}") = "MicroRabbit.Domain.Core", "MicroRabbit.Domain.Core\MicroRabbit.Domain.Core.csproj", "{DA1D91F8-15C6-4ED6-ADFB-290D98E2D662}"
EndProject
Global
	GlobalSection(SolutionConfigurationPlatforms) = preSolution
		Debug|Any CPU = Debug|Any CPU
		Release|Any CPU = Release|Any CPU
	EndGlobalSection
	GlobalSection(ProjectConfigurationPlatforms) = postSolution
		{DA1D91F8-15C6-4ED6-ADFB-290D98E2D662}.Debug|Any CPU.ActiveCfg = Debug|Any CPU
		{DA1D91F8-15C6-4ED6-ADFB-290D98E2D662}.Debug|Any CPU.Build.0 = Debug|Any CPU
		{DA1D91F8-15C6-4ED6-ADFB-290D98E2D662}.Release|Any CPU.ActiveCfg = Release|Any CPU
		{DA1D91F8-15C6-4ED6-ADFB-290D98E2D662}.Release|Any CPU.Build.0 = Release|Any CPU
	EndGlobalSection
	GlobalSection(SolutionProperties) = preSolution
		HideSolutionNode = FALSE
	EndGlobalSection
	GlobalSection(NestedProjects) = preSolution
		{DA1D91F8-15C6-4ED6-ADFB-290D98E2D662} = {2414CCDE-B386-4DAD-A74D-DE38BAFE241E}
	EndGlobalSection
	GlobalSection(ExtensibilityGlobals) = postSolution
		SolutionGuid = {5BC74C0E-2E6B-43E8-9952-30DB862C0FFA}
	EndGlobalSection
EndGlobal
